
Microsoft Visual Studio Solution File, Format Version 12.00
# Visual Studio 15
VisualStudioVersion = 15.0.28010.2036
MinimumVisualStudioVersion = 10.0.40219.1
Project("{FAE04EC0-301F-11D3-BF4B-00C04F79EFBC}") = "JsonMapper", "JsonMapper\JsonMapper.csproj", "{5B500500-CF05-424F-83AA-F3C2F145F73E}"
EndProject
Global
	GlobalSection(SolutionConfigurationPlatforms) = preSolution
		Debug|Any CPU = Debug|Any CPU
		Release|Any CPU = Release|Any CPU
	EndGlobalSection
	GlobalSection(ProjectConfigurationPlatforms) = postSolution
		{5B500500-CF05-424F-83AA-F3C2F145F73E}.Debug|Any CPU.ActiveCfg = Debug|Any CPU
		{5B500500-CF05-424F-83AA-F3C2F145F73E}.Debug|Any CPU.Build.0 = Debug|Any CPU
		{5B500500-CF05-424F-83AA-F3C2F145F73E}.Release|Any CPU.ActiveCfg = Release|Any CPU
		{5B500500-CF05-424F-83AA-F3C2F145F73E}.Release|Any CPU.Build.0 = Release|Any CPU
	EndGlobalSection
	GlobalSection(SolutionProperties) = preSolution
		HideSolutionNode = FALSE
	EndGlobalSection
	GlobalSection(ExtensibilityGlobals) = postSolution
		SolutionGuid = {B33E3492-44AF-4D23-82E9-B95339A6C550}
	EndGlobalSection
EndGlobal
